#MicroXplorer Configuration settings - do not modify
RCC.USART1Freq_Value=64000000
Dma.SPI1_TX.0.PeriphInc=DMA_PINC_DISABLE
USART2.IPParameters=SwapParam,AutoBaudRateEnableParam,WordLength,BaudRate,VirtualMode-Asynchronous
I2S1.ErrorAudioFreq=-2.34 %
I2C1.I2C_Speed_Mode=I2C_Fast
SPI2.VirtualType=VM_MASTER
TIM1.IPParameters=Channel-PWM Generation1 CH1,Period,BreakState,SourceBRKCOMP1,AutomaticOutput,OffStateRunMode,OffStateIDLEMode,OCFastMode_PWM-PWM Generation1 CH1,Pulse-PWM Generation1 CH1,Prescaler,OC1Preload_PWM,OCPolarity_1,ClearInputSource,Break2State,SourceBRK2COMP1,TIM_MasterSlaveMode,AutoReloadPreload,Channel-PWM Generation5 No Output,Pulse-PWM Generation5 No Output,OCFastMode_PWM-PWM Generation5 No Output,Break2Filter,BreakFilter
TIM1.Break2State=TIM_BREAK2_DISABLE
PA12\ [PA10].GPIO_Label=TEST_2
I2C1.I2C_Rise_Time=200
PC6.GPIO_Label=BF
PA6.GPIO_Label=DISP_CS
PB6.GPIO_Label=MEM_MISO
COMP1.Hysteresis=COMP_HYSTERESIS_NONE
SH.S_TIM1_CH1.ConfNb=1
Dma.SPI2_RX.1.Mode=DMA_NORMAL
PinOutPanel.RotationAngle=0
I2S1.Instance=SPI$Index
RCC.MCO1PinFreq_Value=64000000
RCC.SYSCLKSource=RCC_SYSCLKSOURCE_PLLCLK
Dma.USART3_TX.2.Priority=DMA_PRIORITY_HIGH
NVIC.I2C1_IRQn=true\:0\:0\:false\:false\:true\:true\:true
RCC.LPTIM1Freq_Value=64000000
Dma.SPI2_RX.1.PeriphDataAlignment=DMA_PDATAALIGN_BYTE
USART3.BaudRate=4000000
Dma.USART3_TX.2.RequestNumber=1
TIM1.Pulse-PWM\ Generation5\ No\ Output=50
USART3.CLKPhase=USART_PHASE_2EDGE
PA12\ [PA10].Signal=GPIO_Output
PB6.Signal=SPI2_MISO
TIM1.AutomaticOutput=TIM_AUTOMATICOUTPUT_ENABLE
PB6.Mode=Full_Duplex_Master
Dma.SPI2_RX.1.RequestNumber=1
Dma.USART3_TX.2.Mode=DMA_NORMAL
PA1.GPIO_PuPd=GPIO_PULLUP
ProjectManager.ProjectBuild=false
PA0.Locked=true
PB2.Signal=COMP1_INP
PB3.Mode=Half_Duplex_Master
PA8.Locked=true
PA4.Locked=true
USART3.VirtualMode-Synchronous=VM_SYNC
Dma.SPI2_TX.3.Polarity=HAL_DMAMUX_REQ_GEN_RISING
PA12\ [PA10].GPIOParameters=GPIO_Speed,GPIO_Label
ProjectManager.FirmwarePackage=STM32Cube FW_G0 V1.4.1
MxDb.Version=DB.6.0.20
PB0.GPIOParameters=GPIO_Speed,GPIO_Label
PA1.GPIOParameters=GPIO_PuPd,GPIO_Label
ProjectManager.BackupPrevious=false
TIM1.Channel-PWM\ Generation1\ CH1=TIM_CHANNEL_1
PB1.GPIO_Speed=GPIO_SPEED_FREQ_VERY_HIGH
PB1.GPIO_Label=DISP_SCL
SPI2.CalculateBaudRate=8.0 MBits/s
Dma.SPI2_TX.3.RequestNumber=1
PA8.Signal=S_TIM1_CH1
I2S1.IPParameters=Instance,VirtualMode,FullDuplexMode,RealAudioFreq,ErrorAudioFreq,AudioFreq
RCC.PLLRCLKFreq_Value=64000000
Dma.SPI1_TX.0.RequestNumber=1
PB6.Locked=true
NVIC.PendSV_IRQn=true\:0\:0\:false\:false\:true\:false\:false
VP_TIM1_VS_no_output5.Mode=PWM Generation5 No Output
Dma.SPI1_TX.0.Polarity=HAL_DMAMUX_REQ_GEN_RISING
ProjectManager.HalAssertFull=false
VP_TIM1_VS_ClockSourceINT.Mode=Internal
VP_COMP1_VS_VREFINT.Signal=COMP1_VS_VREFINT
Dma.SPI2_RX.1.SyncRequestNumber=1
PC15-OSC32_OUT\ (PC15).PinState=GPIO_PIN_SET
PA0.Signal=GPIO_Input
RCC.TIM1Freq_Value=64000000
Dma.USART3_TX.2.SignalID=NONE
Dma.SPI1_TX.0.Mode=DMA_CIRCULAR
PB9.Signal=GPIO_Output
Mcu.Package=LQFP32
PB1.Signal=USART3_CK
RCC.TIM15Freq_Value=64000000
SPI2.Mode=SPI_MODE_MASTER
Dma.USART3_TX.2.SyncEnable=DISABLE
Dma.SPI1_TX.0.SyncEnable=DISABLE
RCC.APBFreq_Value=64000000
VP_SYS_VS_Systick.Signal=SYS_VS_Systick
RCC.LSCOPinFreq_Value=32000
USART3.IPParameters=ClockPrescaler,Mode,WordLength,VirtualMode-Synchronous,CLKPolarity,CLKLastBit,CLKPhase,BaudRate
PA10.Signal=I2C1_SDA
PC6.GPIO_PuPd=GPIO_NOPULL
PA5.GPIOParameters=GPIO_Speed,GPIO_Label
PA12\ [PA10].Locked=true
Dma.SPI2_RX.1.Instance=DMA1_Channel2
Dma.USART3_TX.2.SyncSignalID=NONE
RCC.PLLPoutputFreq_Value=64000000
RCC.CECFreq_Value=32786.88524590164
RCC.LPUART1Freq_Value=64000000
TIM1.Period=639
NVIC.DMA1_Ch4_7_DMAMUX1_OVR_IRQn=true\:0\:0\:false\:false\:true\:false\:true
PA6.GPIO_Speed=GPIO_SPEED_FREQ_VERY_HIGH
USART3.CLKLastBit=USART_LASTBIT_ENABLE
Dma.SPI2_RX.1.SyncPolarity=HAL_DMAMUX_SYNC_NO_EVENT
PA4.GPIO_Label=KEY_3
PC6.GPIO_Speed=GPIO_SPEED_FREQ_VERY_HIGH
PA8.GPIO_Speed=GPIO_SPEED_FREQ_VERY_HIGH
ProjectManager.CustomerFirmwarePackage=
PC6.GPIO_ModeDefaultOutputPP=GPIO_MODE_OUTPUT_PP
PA5.Mode=Synchronous
PA6.GPIOParameters=GPIO_Speed,PinState,GPIO_Label
Dma.SPI2_TX.3.MemInc=DMA_MINC_ENABLE
RCC.PLLQoutputFreq_Value=64000000
TIM1.OCPolarity_1=TIM_OCPOLARITY_HIGH
ProjectManager.ProjectFileName=IND_X.ioc
PA14-BOOT0.GPIO_Label=KEY_5
PC15-OSC32_OUT\ (PC15).GPIO_Label=MEM_CS
PA12\ [PA10].GPIO_Speed=GPIO_SPEED_FREQ_VERY_HIGH
Mcu.PinsNb=34
I2C1.I2C_Fall_Time=200
PC6.Signal=GPIO_Output
PA6.PinState=GPIO_PIN_SET
USART2.BaudRate=57600
TIM1.SourceBRKCOMP1=TIM_BREAKINPUTSOURCE_ENABLE
Dma.SPI2_RX.1.SyncSignalID=NONE
PC14-OSC32_IN\ (PC14).GPIO_Label=MEM_WP
Dma.SPI2_TX.3.PeriphDataAlignment=DMA_PDATAALIGN_BYTE
Dma.USART3_TX.2.PeriphInc=DMA_PINC_DISABLE
PA3.Mode=Asynchronous
TIM1.AutoReloadPreload=TIM_AUTORELOAD_PRELOAD_ENABLE
TIM1.BreakFilter=10
PB8.GPIO_Label=MEM_SCK
PA15.Locked=true
PA8.GPIO_Label=DCDC
Dma.SPI1_TX.0.RequestParameters=Instance,Direction,PeriphInc,MemInc,PeriphDataAlignment,MemDataAlignment,Mode,Priority,SignalID,Polarity,RequestNumber,SyncSignalID,SyncPolarity,SyncEnable,EventEnable,SyncRequestNumber
PC6.Locked=true
PA9.Signal=I2C1_SCL
VP_TIM1_VS_ClockSourceINT.Signal=TIM1_VS_ClockSourceINT
I2C1.Timing=0x1094102C
PB9.Locked=true
PB5.Locked=true
Dma.SPI1_TX.0.SyncPolarity=HAL_DMAMUX_SYNC_NO_EVENT
Dma.SPI2_TX.3.Mode=DMA_NORMAL
PC6.PinState=GPIO_PIN_SET
Dma.USART3_TX.2.SyncRequestNumber=1
PA5.Signal=USART3_TX
ProjectManager.LastFirmware=true
PA7.GPIO_Speed=GPIO_SPEED_FREQ_VERY_HIGH
Dma.SPI2_RX.1.SyncEnable=DISABLE
USART3.WordLength=WORDLENGTH_8B
NVIC.SPI1_IRQn=true\:0\:0\:false\:false\:true\:true\:true
Dma.SPI2_TX.3.Instance=DMA1_Channel3
USART3.CLKPolarity=USART_POLARITY_HIGH
RCC.I2C1Freq_Value=64000000
VP_SYS_VS_DBSignals.Signal=SYS_VS_DBSignals
Mcu.Pin30=VP_SYS_VS_Systick
PA1.GPIO_Label=KEY_2
Mcu.Pin33=VP_TIM1_VS_no_output5
Mcu.Pin31=VP_SYS_VS_DBSignals
Mcu.Pin32=VP_TIM1_VS_ClockSourceINT
Dma.SPI1_TX.0.Instance=DMA1_Channel1
PA9.Locked=true
NVIC.NonMaskableInt_IRQn=true\:0\:0\:false\:false\:true\:false\:false
I2S1.FullDuplexMode=I2S_FULLDUPLEXMODE_DISABLE
PA13.Mode=Serial_Wire
ProjectManager.FreePins=false
RCC.LPTIM2Freq_Value=64000000
VP_TIM1_VS_no_output5.Signal=TIM1_VS_no_output5
Mcu.Pin26=PB6
Mcu.Pin27=PB7
Mcu.Pin24=PB4
ProjectManager.UnderRoot=true
Mcu.Pin25=PB5
Mcu.Pin28=PB8
Mcu.Pin29=VP_COMP1_VS_VREFINT
PB4.Locked=true
RCC.APBTimFreq_Value=64000000
PA4.Signal=GPIO_Input
Mcu.Pin22=PA15
PB5.Signal=I2S1_SD
USART3.Mode=MODE_TX
Mcu.Pin23=PB3
Mcu.Pin20=PA13
Mcu.Pin21=PA14-BOOT0
PA10.Locked=true
PA5.GPIO_Label=DISP_SDI
NVIC.ForceEnableDMAVector=true
ProjectManager.CompilerOptimize=6
PB9.PinState=GPIO_PIN_SET
ProjectManager.HeapSize=0x200
Mcu.Pin15=PA9
PA0.GPIOParameters=GPIO_PuPd,GPIO_Label
NVIC.HardFault_IRQn=true\:0\:0\:false\:false\:true\:false\:false
TIM1.Channel-PWM\ Generation5\ No\ Output=TIM_CHANNEL_5
PB1.Mode=Synchronous
Mcu.Pin16=PC6
Mcu.Pin13=PB2
Mcu.Pin14=PA8
Mcu.Pin19=PA12 [PA10]
ProjectManager.ComputerToolchain=false
Mcu.Pin17=PA10
Mcu.Pin18=PA11 [PA9]
Dma.USART3_TX.2.Instance=DMA1_Channel4
TIM1.SourceBRK2COMP1=TIM_BREAKINPUTSOURCE_DISABLE
Mcu.Pin11=PB0
Mcu.Pin12=PB1
PB8.Mode=Full_Duplex_Master
Mcu.Pin10=PA7
NVIC.DMA1_Channel2_3_IRQn=true\:0\:0\:false\:false\:true\:false\:true
Dma.SPI2_TX.3.PeriphInc=DMA_PINC_DISABLE
RCC.PWRFreq_Value=64000000
SPI2.DataSize=SPI_DATASIZE_8BIT
NVIC.DMA1_Channel1_IRQn=true\:0\:0\:false\:false\:true\:false\:true
PB0.Signal=USART3_RX
PA7.GPIOParameters=GPIO_Speed,PinState,GPIO_Label
Dma.SPI2_RX.1.MemInc=DMA_MINC_ENABLE
Mcu.Family=STM32G0
Dma.USART3_TX.2.SyncPolarity=HAL_DMAMUX_SYNC_NO_EVENT
ProjectManager.MainLocation=Core/Src
Dma.SPI1_TX.0.MemInc=DMA_MINC_ENABLE
Dma.SPI1_TX.0.EventEnable=DISABLE
Dma.SPI2_RX.1.MemDataAlignment=DMA_MDATAALIGN_BYTE
RCC.CortexFreq_Value=64000000
ProjectManager.TemplateDestinationPath=F\:\\miltaReserve\\My_STM_Projects\\IND_X\\IND_X
Dma.SPI2_RX.1.RequestParameters=Instance,Direction,PeriphInc,MemInc,PeriphDataAlignment,MemDataAlignment,Mode,Priority,SignalID,Polarity,RequestNumber,SyncSignalID,SyncPolarity,SyncEnable,EventEnable,SyncRequestNumber
ProjectManager.KeepUserCode=true
Mcu.UserName=STM32G071KBTx
USART2.SwapParam=ADVFEATURE_SWAP_DISABLE
COMP1.BlankingSrce=COMP_BLANKINGSRC_TIM1_OC5
PA11\ [PA9].GPIO_Label=TEST_1
PA0.GPIO_Label=KEY_1
PA14-BOOT0.Mode=Serial_Wire
ProjectManager.functionlistsort=1-MX_GPIO_Init-GPIO-false-LL-true,2-MX_DMA_Init-DMA-false-HAL-true,3-SystemClock_Config-RCC-false-HAL-false,4-MX_USART2_UART_Init-USART2-false-LL-true,5-MX_COMP1_Init-COMP1-false-HAL-true,6-MX_TIM1_Init-TIM1-false-HAL-true,7-MX_USART3_Init-USART3-false-HAL-true,8-MX_I2S1_Init-I2S1-false-HAL-true,9-MX_I2C1_Init-I2C1-false-HAL-true,10-MX_SPI2_Init-SPI2-false-HAL-true
USART3.ClockPrescaler=PRESCALER_DIV1
PB0.GPIO_Label=DISP_SDO
RCC.USART2Freq_Value=64000000
Dma.SPI2_RX.1.Polarity=HAL_DMAMUX_REQ_GEN_RISING
Dma.SPI1_TX.0.SyncRequestNumber=1
TIM1.Pulse-PWM\ Generation1\ CH1=300
NVIC.SVC_IRQn=true\:0\:0\:false\:false\:true\:false\:false
TIM1.OCFastMode_PWM-PWM\ Generation1\ CH1=TIM_OCFAST_ENABLE
ProjectManager.TemplateSourcePath=E\:\\Programms\\STM32CubeIDE_1.4.0\\STM32CubeIDE\\plugins\\com.st.stm32cube.common.mx_6.1.1.202012091304\\db\\extra_templates
Dma.SPI2_RX.1.Direction=DMA_PERIPH_TO_MEMORY
ProjectManager.StackSize=0x400
Dma.USART3_TX.2.EventEnable=DISABLE
Mcu.IP4=NVIC
TIM1.OC1Preload_PWM=ENABLE
Mcu.IP5=RCC
RCC.FCLKCortexFreq_Value=64000000
Mcu.IP2=I2C1
I2C1.IPParameters=Timing,I2C_Speed_Mode,I2C_Rise_Time,I2C_Fall_Time
Mcu.IP3=I2S1
Mcu.IP0=COMP1
Mcu.IP1=DMA
PC15-OSC32_OUT\ (PC15).GPIOParameters=PinState,GPIO_Label
TIM1.Prescaler=0
Mcu.UserConstants=
PA7.PinState=GPIO_PIN_SET
PA14-BOOT0.GPIOParameters=GPIO_Label
Mcu.ThirdPartyNb=0
RCC.HCLKFreq_Value=64000000
Dma.SPI2_TX.3.SignalID=NONE
Mcu.IPNb=11
Dma.SPI2_TX.3.SyncEnable=DISABLE
ProjectManager.PreviousToolchain=STM32CubeIDE
PA8.GPIOParameters=GPIO_Speed,PinState,GPIO_PuPd,GPIO_Label
Mcu.Pin6=PA3
Mcu.Pin7=PA4
Dma.SPI2_TX.3.Priority=DMA_PRIORITY_LOW
Mcu.Pin8=PA5
Mcu.Pin9=PA6
RCC.AHBFreq_Value=64000000
SPI2.BaudRatePrescaler=SPI_BAUDRATEPRESCALER_8
Mcu.Pin0=PB9
Dma.SPI2_TX.3.RequestParameters=Instance,Direction,PeriphInc,MemInc,PeriphDataAlignment,MemDataAlignment,Mode,Priority,SignalID,Polarity,RequestNumber,SyncSignalID,SyncPolarity,SyncEnable,EventEnable,SyncRequestNumber
Mcu.Pin1=PC14-OSC32_IN (PC14)
PA14-BOOT0.Signal=SYS_SWCLK
GPIO.groupedBy=Group By Peripherals
Mcu.Pin2=PC15-OSC32_OUT (PC15)
Mcu.Pin3=PA0
Mcu.Pin4=PA1
Mcu.Pin5=PA2
RCC.HSE_VALUE=8000000
PA11\ [PA9].GPIOParameters=GPIO_Speed,GPIO_Label
PA4.GPIO_PuPd=GPIO_PULLUP
USART2.VirtualMode-Asynchronous=VM_ASYNC
Mcu.IP10=USART3
PA15.Mode=Half_Duplex_Master
NVIC.SysTick_IRQn=true\:0\:0\:false\:false\:true\:false\:true
PB4.Mode=Master_Clock_Activated
RCC.VCOInputFreq_Value=16000000
Dma.SPI2_TX.3.SyncSignalID=NONE
PB5.Mode=Half_Duplex_Master
File.Version=6
VP_SYS_VS_DBSignals.Mode=DisableDeadBatterySignals
PB7.Signal=SPI2_MOSI
PB8.Locked=true
NVIC.SPI2_IRQn=true\:0\:0\:false\:false\:true\:true\:true
Dma.USART3_TX.2.Polarity=HAL_DMAMUX_REQ_GEN_RISING
Dma.RequestsNb=4
PB6.GPIOParameters=GPIO_Label
PB0.Locked=true
ProjectManager.ProjectName=IND_X
PA13.GPIOParameters=GPIO_Label
PB7.GPIO_Label=MEM_MOSI
PA6.Signal=GPIO_Output
PA7.Locked=true
PC14-OSC32_IN\ (PC14).PinState=GPIO_PIN_SET
PA0.GPIO_PuPd=GPIO_PULLUP
ProjectManager.ToolChainLocation=
RCC.LSI_VALUE=32000
PA15.Signal=I2S1_WS
USART2.WordLength=WORDLENGTH_9B
PC14-OSC32_IN\ (PC14).Locked=true
PB9.GPIO_Speed=GPIO_SPEED_FREQ_VERY_HIGH
TIM1.BreakState=TIM_BREAK_ENABLE
Dma.Request2=USART3_TX
Dma.Request1=SPI2_RX
Dma.Request3=SPI2_TX
SPI2.Direction=SPI_DIRECTION_2LINES
Dma.SPI1_TX.0.SyncSignalID=NONE
Dma.Request0=SPI1_TX
USART3.IPParametersWithoutCheck=BaudRate
PB9.GPIO_FM9=SYSCFG_FASTMODEPLUS_PB9
USART2.AutoBaudRateEnableParam=UART_ADVFEATURE_AUTOBAUDRATE_DISABLE
Dma.SPI2_TX.3.Direction=DMA_MEMORY_TO_PERIPH
PA8.PinState=GPIO_PIN_RESET
COMP1.TriggerMode=COMP_TRIGGERMODE_EVENT_RISING
PB3.Locked=true
PB4.Signal=I2S1_MCK
PA3.Signal=USART2_RX
Dma.USART3_TX.2.PeriphDataAlignment=DMA_PDATAALIGN_BYTE
PB8.GPIOParameters=GPIO_Label
TIM1.OffStateIDLEMode=TIM_OSSI_ENABLE
Dma.SPI2_TX.3.SyncRequestNumber=1
PA11\ [PA9].GPIO_Speed=GPIO_SPEED_FREQ_VERY_HIGH
PB9.GPIO_Label=MEM_HOLD
PA10.Mode=I2C
ProjectManager.NoMain=false
Dma.USART3_TX.2.MemInc=DMA_MINC_ENABLE
Dma.SPI2_TX.3.MemDataAlignment=DMA_MDATAALIGN_BYTE
RCC.EXTERNAL_CLOCK_VALUE=48000
ProjectManager.DefaultFWLocation=true
PC15-OSC32_OUT\ (PC15).Signal=GPIO_Output
I2S1.AudioFreq=I2S_AUDIOFREQ_16K
ProjectManager.DeletePrevious=true
VP_COMP1_VS_VREFINT.Mode=VREFINT
NVIC.USART2_IRQn=true\:0\:0\:false\:false\:true\:true\:true
RCC.FamilyName=M
Dma.SPI2_RX.1.EventEnable=DISABLE
Dma.SPI2_TX.3.SyncPolarity=HAL_DMAMUX_SYNC_NO_EVENT
TIM1.ClearInputSource=TIM_CLEARINPUTSOURCE_NONE
Dma.SPI1_TX.0.SignalID=NONE
PB9.GPIOParameters=GPIO_Speed,PinState,GPIO_Label,GPIO_FM9
PB0.GPIO_Speed=GPIO_SPEED_FREQ_VERY_HIGH
PA13.Signal=SYS_SWDIO
PA9.Mode=I2C
SH.S_TIM1_CH1.0=TIM1_CH1,PWM Generation1 CH1
ProjectManager.TargetToolchain=STM32CubeIDE
PB7.GPIOParameters=GPIO_Label
Dma.SPI1_TX.0.PeriphDataAlignment=DMA_PDATAALIGN_HALFWORD
Dma.SPI1_TX.0.Direction=DMA_MEMORY_TO_PERIPH
TIM1.OCFastMode_PWM-PWM\ Generation5\ No\ Output=TIM_OCFAST_ENABLE
Dma.USART3_TX.2.Direction=DMA_MEMORY_TO_PERIPH
PB2.GPIOParameters=GPIO_Label
I2S1.VirtualMode=I2S_MODE_MASTER
COMP1.OutputPol=COMP_OUTPUTPOL_NONINVERTED
RCC.I2S1Freq_Value=64000000
SPI2.IPParameters=VirtualType,Mode,Direction,CalculateBaudRate,DataSize,BaudRatePrescaler
ProjectManager.RegisterCallBack=
PA11\ [PA9].Locked=true
RCC.LSE_VALUE=32768
PA1.Signal=GPIO_Input
NVIC.USART3_4_LPUART1_IRQn=true\:0\:0\:false\:false\:true\:true\:true
PB0.Mode=Synchronous
board=custom
RCC.VCOOutputFreq_Value=128000000
Dma.USART3_TX.2.MemDataAlignment=DMA_MDATAALIGN_BYTE
Dma.SPI2_RX.1.SignalID=NONE
COMP1.IPParameters=OutputPol,TriggerMode,Hysteresis,BlankingSrce
MxCube.Version=6.2.0
Dma.SPI2_RX.1.Priority=DMA_PRIORITY_HIGH
Dma.SPI2_TX.3.EventEnable=DISABLE
RCC.ADCFreq_Value=64000000
VP_SYS_VS_Systick.Mode=SysTick
PA4.GPIOParameters=GPIO_PuPd,GPIO_Label
TIM1.OffStateRunMode=TIM_OSSR_ENABLE
RCC.IPParameters=ADCFreq_Value,AHBFreq_Value,APBFreq_Value,APBTimFreq_Value,CECFreq_Value,CortexFreq_Value,EXTERNAL_CLOCK_VALUE,FCLKCortexFreq_Value,FamilyName,HCLKFreq_Value,HSE_VALUE,HSI_VALUE,I2C1Freq_Value,I2S1Freq_Value,LPTIM1Freq_Value,LPTIM2Freq_Value,LPUART1Freq_Value,LSCOPinFreq_Value,LSE_VALUE,LSI_VALUE,MCO1PinFreq_Value,PLLPoutputFreq_Value,PLLQoutputFreq_Value,PLLRCLKFreq_Value,PWRFreq_Value,SYSCLKFreq_VALUE,SYSCLKSource,TIM15Freq_Value,TIM1Freq_Value,USART1Freq_Value,USART2Freq_Value,VCOInputFreq_Value,VCOOutputFreq_Value
ProjectManager.AskForMigrate=true
Dma.SPI2_RX.1.PeriphInc=DMA_PINC_DISABLE
PA11\ [PA9].Signal=GPIO_Output
Mcu.Name=STM32G071K(6-8-B)Tx
PA14-BOOT0.Locked=true
PA13.GPIO_Label=KEY_4
PA2.Signal=USART2_TX
PB2.Locked=true
Mcu.IP8=TIM1
Mcu.IP9=USART2
Mcu.IP6=SPI2
Mcu.IP7=SYS
ProjectManager.CoupleFile=false
PB3.Signal=I2S1_CK
RCC.SYSCLKFreq_VALUE=64000000
PA7.GPIO_Label=DISP_D/C
PA1.Locked=true
TIM1.Break2Filter=0
KeepUserPlacement=true
PC14-OSC32_IN\ (PC14).Signal=GPIO_Output
PB2.Mode=INP
PB7.Mode=Full_Duplex_Master
Dma.USART3_TX.2.RequestParameters=Instance,Direction,PeriphInc,MemInc,PeriphDataAlignment,MemDataAlignment,Mode,Priority,SignalID,Polarity,RequestNumber,SyncSignalID,SyncPolarity,SyncEnable,EventEnable,SyncRequestNumber
PB2.GPIO_Label=VCTR
Dma.SPI1_TX.0.Priority=DMA_PRIORITY_VERY_HIGH
Dma.SPI1_TX.0.MemDataAlignment=DMA_MDATAALIGN_HALFWORD
PC6.GPIOParameters=GPIO_Speed,PinState,GPIO_PuPd,GPIO_Label,GPIO_ModeDefaultOutputPP
RCC.HSI_VALUE=16000000
PA8.GPIO_PuPd=GPIO_PULLDOWN
PC14-OSC32_IN\ (PC14).GPIOParameters=PinState,GPIO_Label
PA5.GPIO_Speed=GPIO_SPEED_FREQ_VERY_HIGH
PB7.Locked=true
PB8.Signal=SPI2_SCK
PA2.Mode=Asynchronous
I2S1.RealAudioFreq=15.625 KHz
ProjectManager.DeviceId=STM32G071KBTx
ProjectManager.LibraryCopy=1
TIM1.TIM_MasterSlaveMode=TIM_MASTERSLAVEMODE_DISABLE
PB1.GPIOParameters=GPIO_Speed,GPIO_Label
PA7.Signal=GPIO_Output
PA6.Locked=true
